schema: '2.0'
stages:
  load_data:
    cmd: python src/load_data.py --config=params.yaml
    deps:
    - path: data_given/winequality-red.csv
      md5: 2daeecee174368f8a33b82c8cccae3a5
      size: 84199
    - path: src/get_data.py
      md5: 2b3705ab6502b416a560227b02cb0b5f
      size: 708
    - path: src/load_data.py
      md5: 23bdc8e9be90070bf3460977c6917021
      size: 694
    outs:
    - path: data/raw/winequality-red.csv
      md5: 2c3fc7b56e38bacbbbbc88fa95616409
      size: 102551
  split_data:
    cmd: python src/split_data.py --config=params.yaml
    deps:
    - path: data_given/winequality-red.csv
      md5: 2daeecee174368f8a33b82c8cccae3a5
      size: 84199
    - path: src/split_data.py
      md5: b57536807d879459bf1ebf0da06fa116
      size: 1114
    outs:
    - path: data/processed/test_winequality-red.csv
      md5: 93f971c68c6c1ebc61c098a195c6e987
      size: 19423
    - path: data/processed/train_winequality-red.csv
      md5: b62eabe357f7d834748150ecc1261635
      size: 77346
  train_and_evaluate:
    cmd: python src/train_and_evaluate.py --config=params.yaml
    deps:
    - path: data/processed/test_winequality-red.csv
      md5: 93f971c68c6c1ebc61c098a195c6e987
      size: 19423
    - path: data/processed/train_winequality-red.csv
      md5: b62eabe357f7d834748150ecc1261635
      size: 77346
    - path: src/train_and_evaluate.py
      md5: 057de7778d2b5cbc8ea6197c87896e09
      size: 2715
    params:
      params.yaml:
        estimators.ElasticNet.params.alpha: 0.95
        estimators.ElasticNet.params.l1_ratio: 0.4
    outs:
    - path: report/params.json
      md5: bd09f9d3d8016e9d98a16c8db5aa1979
      size: 45
    - path: report/scores.json
      md5: e282db562c0d329ffcd51bda8cfcf50d
      size: 101
    - path: saved_models/model.joblib
      md5: 90fe6a6fd4665d0a605ddaa40664addf
      size: 818
